{
  "name": "webapp",
  "version": "1.0.0",
  "lockfileVersion": 1,
  "requires": true,
  "dependencies": {
    "bootstrap": {
      "version": "4.1.3",
      "resolved": "http://registry.npm.taobao.org/bootstrap/download/bootstrap-4.1.3.tgz",
      "integrity": "sha1-DrNxryyESOjCEEEdDLgkpkCaEr4="
    },
    "expose-loader": {
      "version": "0.7.5",
      "resolved": "http://registry.npm.taobao.org/expose-loader/download/expose-loader-0.7.5.tgz",
      "integrity": "sha1-4p6i2a7u0yVKP6obNfUC25+cP28=",
      "dev": true
    },
    "jquery": {
      "version": "3.3.1",
      "resolved": "http://registry.npm.taobao.org/jquery/download/jquery-3.3.1.tgz",
      "integrity": "sha1-lYzinoHJeQ8xvneS311NlfxX+8o="
    }
  }
}
